
Microsoft Visual Studio Solution File, Format Version 12.00
# Visual Studio Version 17
VisualStudioVersion = 17.3.32929.385
MinimumVisualStudioVersion = 10.0.40219.1
Project("{9A19103F-16F7-4668-BE54-9A1E7A4F7556}") = "Project_3310", "Project_3310.csproj", "{014B6D50-AE2E-4428-9605-75A39CBC0E18}"
EndProject
Project("{9A19103F-16F7-4668-BE54-9A1E7A4F7556}") = "Project3310_Inventory", "..\Project3310_Inventory\Project3310_Inventory.csproj", "{28F5CCA9-6FB1-46AF-9079-0FBA7EC9CAE5}"
	ProjectSection(ProjectDependencies) = postProject
		{014B6D50-AE2E-4428-9605-75A39CBC0E18} = {014B6D50-AE2E-4428-9605-75A39CBC0E18}
	EndProjectSection
EndProject
Global
	GlobalSection(SolutionConfigurationPlatforms) = preSolution
		Debug|Any CPU = Debug|Any CPU
		Release|Any CPU = Release|Any CPU
	EndGlobalSection
	GlobalSection(ProjectConfigurationPlatforms) = postSolution
		{014B6D50-AE2E-4428-9605-75A39CBC0E18}.Debug|Any CPU.ActiveCfg = Debug|Any CPU
		{014B6D50-AE2E-4428-9605-75A39CBC0E18}.Debug|Any CPU.Build.0 = Debug|Any CPU
		{014B6D50-AE2E-4428-9605-75A39CBC0E18}.Release|Any CPU.ActiveCfg = Release|Any CPU
		{014B6D50-AE2E-4428-9605-75A39CBC0E18}.Release|Any CPU.Build.0 = Release|Any CPU
		{28F5CCA9-6FB1-46AF-9079-0FBA7EC9CAE5}.Debug|Any CPU.ActiveCfg = Debug|Any CPU
		{28F5CCA9-6FB1-46AF-9079-0FBA7EC9CAE5}.Debug|Any CPU.Build.0 = Debug|Any CPU
		{28F5CCA9-6FB1-46AF-9079-0FBA7EC9CAE5}.Release|Any CPU.ActiveCfg = Release|Any CPU
		{28F5CCA9-6FB1-46AF-9079-0FBA7EC9CAE5}.Release|Any CPU.Build.0 = Release|Any CPU
	EndGlobalSection
	GlobalSection(SolutionProperties) = preSolution
		HideSolutionNode = FALSE
	EndGlobalSection
	GlobalSection(ExtensibilityGlobals) = postSolution
		SolutionGuid = {A22FF2D6-E2C1-4EAE-9950-EDD23D487BE9}
	EndGlobalSection
EndGlobal
